
Microsoft Visual Studio Solution File, Format Version 12.00
# Visual Studio Version 16
VisualStudioVersion = 16.0.30503.244
MinimumVisualStudioVersion = 10.0.40219.1
Project("{888888A0-9F3D-457C-B088-3A5042F75D52}") = "PPR_iR_Results_Reader", "PPR_iR_Results_Reader.pyproj", "{89D4F9AD-2A2D-428C-9A26-3324714CA392}"
EndProject
Global
	GlobalSection(SolutionConfigurationPlatforms) = preSolution
		Debug|Any CPU = Debug|Any CPU
		Release|Any CPU = Release|Any CPU
	EndGlobalSection
	GlobalSection(ProjectConfigurationPlatforms) = postSolution
		{89D4F9AD-2A2D-428C-9A26-3324714CA392}.Debug|Any CPU.ActiveCfg = Debug|Any CPU
		{89D4F9AD-2A2D-428C-9A26-3324714CA392}.Release|Any CPU.ActiveCfg = Release|Any CPU
	EndGlobalSection
	GlobalSection(SolutionProperties) = preSolution
		HideSolutionNode = FALSE
	EndGlobalSection
	GlobalSection(ExtensibilityGlobals) = postSolution
		SolutionGuid = {49F7E32B-8B6A-4428-ACCA-C3D3FB5EFCFE}
	EndGlobalSection
EndGlobal
